
Microsoft Visual Studio Solution File, Format Version 12.00
# Visual Studio Version 16
VisualStudioVersion = 16.0.30413.136
MinimumVisualStudioVersion = 10.0.40219.1
Project("{FAE04EC0-301F-11D3-BF4B-00C04F79EFBC}") = "ПР_2", "ПР_2\ПР_2.csproj", "{43849F7A-32B7-437C-8F78-4B8E50064B52}"
EndProject
Project("{FAE04EC0-301F-11D3-BF4B-00C04F79EFBC}") = "LibMas", "LibMas\LibMas.csproj", "{45A68C8C-DF77-4F82-86DE-5FF2C7C68477}"
EndProject
Project("{FAE04EC0-301F-11D3-BF4B-00C04F79EFBC}") = "Lib_8", "Lib_8\Lib_8.csproj", "{581231C3-7F6F-41C7-9208-16989E633B8B}"
EndProject
Global
	GlobalSection(SolutionConfigurationPlatforms) = preSolution
		Debug|Any CPU = Debug|Any CPU
		Release|Any CPU = Release|Any CPU
	EndGlobalSection
	GlobalSection(ProjectConfigurationPlatforms) = postSolution
		{43849F7A-32B7-437C-8F78-4B8E50064B52}.Debug|Any CPU.ActiveCfg = Debug|Any CPU
		{43849F7A-32B7-437C-8F78-4B8E50064B52}.Debug|Any CPU.Build.0 = Debug|Any CPU
		{43849F7A-32B7-437C-8F78-4B8E50064B52}.Release|Any CPU.ActiveCfg = Release|Any CPU
		{43849F7A-32B7-437C-8F78-4B8E50064B52}.Release|Any CPU.Build.0 = Release|Any CPU
		{45A68C8C-DF77-4F82-86DE-5FF2C7C68477}.Debug|Any CPU.ActiveCfg = Debug|Any CPU
		{45A68C8C-DF77-4F82-86DE-5FF2C7C68477}.Debug|Any CPU.Build.0 = Debug|Any CPU
		{45A68C8C-DF77-4F82-86DE-5FF2C7C68477}.Release|Any CPU.ActiveCfg = Release|Any CPU
		{45A68C8C-DF77-4F82-86DE-5FF2C7C68477}.Release|Any CPU.Build.0 = Release|Any CPU
		{581231C3-7F6F-41C7-9208-16989E633B8B}.Debug|Any CPU.ActiveCfg = Debug|Any CPU
		{581231C3-7F6F-41C7-9208-16989E633B8B}.Debug|Any CPU.Build.0 = Debug|Any CPU
		{581231C3-7F6F-41C7-9208-16989E633B8B}.Release|Any CPU.ActiveCfg = Release|Any CPU
		{581231C3-7F6F-41C7-9208-16989E633B8B}.Release|Any CPU.Build.0 = Release|Any CPU
	EndGlobalSection
	GlobalSection(SolutionProperties) = preSolution
		HideSolutionNode = FALSE
	EndGlobalSection
	GlobalSection(ExtensibilityGlobals) = postSolution
		SolutionGuid = {5C37B1EE-26DE-4664-BC56-9AC29387428B}
	EndGlobalSection
EndGlobal
